
Microsoft Visual Studio Solution File, Format Version 12.00
# Visual Studio Version 16
VisualStudioVersion = 16.0.31702.278
MinimumVisualStudioVersion = 10.0.40219.1
Project("{FAE04EC0-301F-11D3-BF4B-00C04F79EFBC}") = "AnimaleCQRS.Server", "AnimaleCQRS\Server\AnimaleCQRS.Server.csproj", "{310AEE75-D62E-4E66-8C20-133E06415D46}"
EndProject
Project("{FAE04EC0-301F-11D3-BF4B-00C04F79EFBC}") = "AnimaleCQRS.Client", "AnimaleCQRS\Client\AnimaleCQRS.Client.csproj", "{37FFD032-3CDB-4256-A529-86924EFB9DAD}"
EndProject
Project("{FAE04EC0-301F-11D3-BF4B-00C04F79EFBC}") = "AnimaleCQRS.Shared", "AnimaleCQRS\Shared\AnimaleCQRS.Shared.csproj", "{762BF825-AA0F-43B0-AF8A-62EF933224DE}"
EndProject
Global
	GlobalSection(SolutionConfigurationPlatforms) = preSolution
		Debug|Any CPU = Debug|Any CPU
		Release|Any CPU = Release|Any CPU
	EndGlobalSection
	GlobalSection(ProjectConfigurationPlatforms) = postSolution
		{310AEE75-D62E-4E66-8C20-133E06415D46}.Debug|Any CPU.ActiveCfg = Debug|Any CPU
		{310AEE75-D62E-4E66-8C20-133E06415D46}.Debug|Any CPU.Build.0 = Debug|Any CPU
		{310AEE75-D62E-4E66-8C20-133E06415D46}.Release|Any CPU.ActiveCfg = Release|Any CPU
		{310AEE75-D62E-4E66-8C20-133E06415D46}.Release|Any CPU.Build.0 = Release|Any CPU
		{37FFD032-3CDB-4256-A529-86924EFB9DAD}.Debug|Any CPU.ActiveCfg = Debug|Any CPU
		{37FFD032-3CDB-4256-A529-86924EFB9DAD}.Debug|Any CPU.Build.0 = Debug|Any CPU
		{37FFD032-3CDB-4256-A529-86924EFB9DAD}.Release|Any CPU.ActiveCfg = Release|Any CPU
		{37FFD032-3CDB-4256-A529-86924EFB9DAD}.Release|Any CPU.Build.0 = Release|Any CPU
		{762BF825-AA0F-43B0-AF8A-62EF933224DE}.Debug|Any CPU.ActiveCfg = Debug|Any CPU
		{762BF825-AA0F-43B0-AF8A-62EF933224DE}.Debug|Any CPU.Build.0 = Debug|Any CPU
		{762BF825-AA0F-43B0-AF8A-62EF933224DE}.Release|Any CPU.ActiveCfg = Release|Any CPU
		{762BF825-AA0F-43B0-AF8A-62EF933224DE}.Release|Any CPU.Build.0 = Release|Any CPU
	EndGlobalSection
	GlobalSection(SolutionProperties) = preSolution
		HideSolutionNode = FALSE
	EndGlobalSection
	GlobalSection(ExtensibilityGlobals) = postSolution
		SolutionGuid = {904D737C-B795-4E51-B6A5-0A316711171C}
	EndGlobalSection
EndGlobal
